
Microsoft Visual Studio Solution File, Format Version 12.00
# Visual Studio 2012
Project("{FAE04EC0-301F-11D3-BF4B-00C04F79EFBC}") = "CustomerUpdateApp", "CustomerUpdateApp\CustomerUpdateApp.csproj", "{A31A275F-3577-493A-9111-5F55E84D4031}"
EndProject
Global
	GlobalSection(SolutionConfigurationPlatforms) = preSolution
		Debug|Any CPU = Debug|Any CPU
		Release|Any CPU = Release|Any CPU
	EndGlobalSection
	GlobalSection(ProjectConfigurationPlatforms) = postSolution
		{A31A275F-3577-493A-9111-5F55E84D4031}.Debug|Any CPU.ActiveCfg = Debug|Any CPU
		{A31A275F-3577-493A-9111-5F55E84D4031}.Debug|Any CPU.Build.0 = Debug|Any CPU
		{A31A275F-3577-493A-9111-5F55E84D4031}.Release|Any CPU.ActiveCfg = Release|Any CPU
		{A31A275F-3577-493A-9111-5F55E84D4031}.Release|Any CPU.Build.0 = Release|Any CPU
	EndGlobalSection
	GlobalSection(SolutionProperties) = preSolution
		HideSolutionNode = FALSE
	EndGlobalSection
EndGlobal
