
Microsoft Visual Studio Solution File, Format Version 12.00
# Visual Studio 2012
Project("{FAE04EC0-301F-11D3-BF4B-00C04F79EFBC}") = "SkiSignUpApp", "SkiSignUpApp\SkiSignUpApp.csproj", "{55966878-9071-42FC-AAB6-816B6F9BE522}"
EndProject
Global
	GlobalSection(SolutionConfigurationPlatforms) = preSolution
		Debug|Any CPU = Debug|Any CPU
		Release|Any CPU = Release|Any CPU
	EndGlobalSection
	GlobalSection(ProjectConfigurationPlatforms) = postSolution
		{55966878-9071-42FC-AAB6-816B6F9BE522}.Debug|Any CPU.ActiveCfg = Debug|Any CPU
		{55966878-9071-42FC-AAB6-816B6F9BE522}.Debug|Any CPU.Build.0 = Debug|Any CPU
		{55966878-9071-42FC-AAB6-816B6F9BE522}.Release|Any CPU.ActiveCfg = Release|Any CPU
		{55966878-9071-42FC-AAB6-816B6F9BE522}.Release|Any CPU.Build.0 = Release|Any CPU
	EndGlobalSection
	GlobalSection(SolutionProperties) = preSolution
		HideSolutionNode = FALSE
	EndGlobalSection
EndGlobal
