
Microsoft Visual Studio Solution File, Format Version 12.00
# Visual Studio 2012
Project("{FAE04EC0-301F-11D3-BF4B-00C04F79EFBC}") = "WeightConverterApp", "WeightConverterApp\WeightConverterApp.csproj", "{DA9BBE76-550E-492B-8703-051C37524AE3}"
EndProject
Global
	GlobalSection(SolutionConfigurationPlatforms) = preSolution
		Debug|Any CPU = Debug|Any CPU
		Release|Any CPU = Release|Any CPU
	EndGlobalSection
	GlobalSection(ProjectConfigurationPlatforms) = postSolution
		{DA9BBE76-550E-492B-8703-051C37524AE3}.Debug|Any CPU.ActiveCfg = Debug|Any CPU
		{DA9BBE76-550E-492B-8703-051C37524AE3}.Debug|Any CPU.Build.0 = Debug|Any CPU
		{DA9BBE76-550E-492B-8703-051C37524AE3}.Release|Any CPU.ActiveCfg = Release|Any CPU
		{DA9BBE76-550E-492B-8703-051C37524AE3}.Release|Any CPU.Build.0 = Release|Any CPU
	EndGlobalSection
	GlobalSection(SolutionProperties) = preSolution
		HideSolutionNode = FALSE
	EndGlobalSection
EndGlobal
