
Microsoft Visual Studio Solution File, Format Version 12.00
# Visual Studio 2012
Project("{FAE04EC0-301F-11D3-BF4B-00C04F79EFBC}") = "StudentApp", "StudentApp\StudentApp.csproj", "{972D40F6-E896-4737-AB10-01B911B8738E}"
EndProject
Global
	GlobalSection(SolutionConfigurationPlatforms) = preSolution
		Debug|Any CPU = Debug|Any CPU
		Release|Any CPU = Release|Any CPU
	EndGlobalSection
	GlobalSection(ProjectConfigurationPlatforms) = postSolution
		{972D40F6-E896-4737-AB10-01B911B8738E}.Debug|Any CPU.ActiveCfg = Debug|Any CPU
		{972D40F6-E896-4737-AB10-01B911B8738E}.Debug|Any CPU.Build.0 = Debug|Any CPU
		{972D40F6-E896-4737-AB10-01B911B8738E}.Release|Any CPU.ActiveCfg = Release|Any CPU
		{972D40F6-E896-4737-AB10-01B911B8738E}.Release|Any CPU.Build.0 = Release|Any CPU
	EndGlobalSection
	GlobalSection(SolutionProperties) = preSolution
		HideSolutionNode = FALSE
	EndGlobalSection
EndGlobal
