
Microsoft Visual Studio Solution File, Format Version 12.00
# Visual Studio 2012
Project("{E24C65DC-7377-472B-9ABA-BC803B73C61A}") = "HomeTownVisit", ".", "{2081E26A-557C-45EF-833C-27F0C84C3EB5}"
	ProjectSection(WebsiteProperties) = preProject
		TargetFrameworkMoniker = ".NETFramework,Version%3Dv4.5"
		Debug.AspNetCompiler.VirtualPath = "/HomeTownVisit"
		Debug.AspNetCompiler.PhysicalPath = "..\..\CSharp_4thEdition\AuthorsFirst\Ch15\Ch15_Solutions\Ch15_02\HomeTownVisit\"
		Debug.AspNetCompiler.TargetPath = "PrecompiledWeb\HomeTownVisit\"
		Debug.AspNetCompiler.Updateable = "true"
		Debug.AspNetCompiler.ForceOverwrite = "true"
		Debug.AspNetCompiler.FixedNames = "false"
		Debug.AspNetCompiler.Debug = "True"
		Release.AspNetCompiler.VirtualPath = "/HomeTownVisit"
		Release.AspNetCompiler.PhysicalPath = "..\..\CSharp_4thEdition\AuthorsFirst\Ch15\Ch15_Solutions\Ch15_02\HomeTownVisit\"
		Release.AspNetCompiler.TargetPath = "PrecompiledWeb\HomeTownVisit\"
		Release.AspNetCompiler.Updateable = "true"
		Release.AspNetCompiler.ForceOverwrite = "true"
		Release.AspNetCompiler.FixedNames = "false"
		Release.AspNetCompiler.Debug = "False"
		VWDPort = "50393"
	EndProjectSection
EndProject
Global
	GlobalSection(SolutionConfigurationPlatforms) = preSolution
		Debug|Any CPU = Debug|Any CPU
	EndGlobalSection
	GlobalSection(ProjectConfigurationPlatforms) = postSolution
		{2081E26A-557C-45EF-833C-27F0C84C3EB5}.Debug|Any CPU.ActiveCfg = Debug|Any CPU
		{2081E26A-557C-45EF-833C-27F0C84C3EB5}.Debug|Any CPU.Build.0 = Debug|Any CPU
	EndGlobalSection
	GlobalSection(SolutionProperties) = preSolution
		HideSolutionNode = FALSE
	EndGlobalSection
EndGlobal
