
Microsoft Visual Studio Solution File, Format Version 12.00
# Visual Studio Version 17
VisualStudioVersion = 17.8.34601.278
MinimumVisualStudioVersion = 10.0.40219.1
Project("{FAE04EC0-301F-11D3-BF4B-00C04F79EFBC}") = "Chapter08Exercise02", "Chapter08Exercise02\Chapter08Exercise02.csproj", "{435FC7F8-94AE-45B7-B0AF-58E6875296D8}"
EndProject
Global
	GlobalSection(SolutionConfigurationPlatforms) = preSolution
		Debug|Any CPU = Debug|Any CPU
		Release|Any CPU = Release|Any CPU
	EndGlobalSection
	GlobalSection(ProjectConfigurationPlatforms) = postSolution
		{435FC7F8-94AE-45B7-B0AF-58E6875296D8}.Debug|Any CPU.ActiveCfg = Debug|Any CPU
		{435FC7F8-94AE-45B7-B0AF-58E6875296D8}.Debug|Any CPU.Build.0 = Debug|Any CPU
		{435FC7F8-94AE-45B7-B0AF-58E6875296D8}.Release|Any CPU.ActiveCfg = Release|Any CPU
		{435FC7F8-94AE-45B7-B0AF-58E6875296D8}.Release|Any CPU.Build.0 = Release|Any CPU
	EndGlobalSection
	GlobalSection(SolutionProperties) = preSolution
		HideSolutionNode = FALSE
	EndGlobalSection
	GlobalSection(ExtensibilityGlobals) = postSolution
		SolutionGuid = {056ED43A-FF0A-4DE2-8A29-9F6822FDD1EF}
	EndGlobalSection
EndGlobal
