
Microsoft Visual Studio Solution File, Format Version 12.00
# Visual Studio 2012
Project("{FAE04EC0-301F-11D3-BF4B-00C04F79EFBC}") = "ComputeAreasFromInput", "ComputeAreasFromInput\ComputeAreasFromInput.csproj", "{DFA17EDF-5190-484B-8FBD-16E766DCDE93}"
EndProject
Global
	GlobalSection(SolutionConfigurationPlatforms) = preSolution
		Debug|Any CPU = Debug|Any CPU
		Release|Any CPU = Release|Any CPU
	EndGlobalSection
	GlobalSection(ProjectConfigurationPlatforms) = postSolution
		{DFA17EDF-5190-484B-8FBD-16E766DCDE93}.Debug|Any CPU.ActiveCfg = Debug|Any CPU
		{DFA17EDF-5190-484B-8FBD-16E766DCDE93}.Debug|Any CPU.Build.0 = Debug|Any CPU
		{DFA17EDF-5190-484B-8FBD-16E766DCDE93}.Release|Any CPU.ActiveCfg = Release|Any CPU
		{DFA17EDF-5190-484B-8FBD-16E766DCDE93}.Release|Any CPU.Build.0 = Release|Any CPU
	EndGlobalSection
	GlobalSection(SolutionProperties) = preSolution
		HideSolutionNode = FALSE
	EndGlobalSection
EndGlobal
