
Microsoft Visual Studio Solution File, Format Version 12.00
# Visual Studio 2012
Project("{FAE04EC0-301F-11D3-BF4B-00C04F79EFBC}") = "PigLatinApp", "PigLatinApp\PigLatinApp.csproj", "{63F5D1A2-387F-4E9A-99E1-C370CE0EC24D}"
EndProject
Global
	GlobalSection(SolutionConfigurationPlatforms) = preSolution
		Debug|Any CPU = Debug|Any CPU
		Release|Any CPU = Release|Any CPU
	EndGlobalSection
	GlobalSection(ProjectConfigurationPlatforms) = postSolution
		{63F5D1A2-387F-4E9A-99E1-C370CE0EC24D}.Debug|Any CPU.ActiveCfg = Debug|Any CPU
		{63F5D1A2-387F-4E9A-99E1-C370CE0EC24D}.Debug|Any CPU.Build.0 = Debug|Any CPU
		{63F5D1A2-387F-4E9A-99E1-C370CE0EC24D}.Release|Any CPU.ActiveCfg = Release|Any CPU
		{63F5D1A2-387F-4E9A-99E1-C370CE0EC24D}.Release|Any CPU.Build.0 = Release|Any CPU
	EndGlobalSection
	GlobalSection(SolutionProperties) = preSolution
		HideSolutionNode = FALSE
	EndGlobalSection
EndGlobal
