
Microsoft Visual Studio Solution File, Format Version 12.00
# Visual Studio 2012
Project("{FAE04EC0-301F-11D3-BF4B-00C04F79EFBC}") = "SalesApp", "SalesApp\SalesApp.csproj", "{2B0D6909-9B76-419D-B23F-F2649BFC42A0}"
EndProject
Global
	GlobalSection(SolutionConfigurationPlatforms) = preSolution
		Debug|Any CPU = Debug|Any CPU
		Release|Any CPU = Release|Any CPU
	EndGlobalSection
	GlobalSection(ProjectConfigurationPlatforms) = postSolution
		{2B0D6909-9B76-419D-B23F-F2649BFC42A0}.Debug|Any CPU.ActiveCfg = Debug|Any CPU
		{2B0D6909-9B76-419D-B23F-F2649BFC42A0}.Debug|Any CPU.Build.0 = Debug|Any CPU
		{2B0D6909-9B76-419D-B23F-F2649BFC42A0}.Release|Any CPU.ActiveCfg = Release|Any CPU
		{2B0D6909-9B76-419D-B23F-F2649BFC42A0}.Release|Any CPU.Build.0 = Release|Any CPU
	EndGlobalSection
	GlobalSection(SolutionProperties) = preSolution
		HideSolutionNode = FALSE
	EndGlobalSection
EndGlobal
