
Microsoft Visual Studio Solution File, Format Version 12.00
# Visual Studio 2012
Project("{FAE04EC0-301F-11D3-BF4B-00C04F79EFBC}") = "ParallelArrayApp", "ParallelArrayApp\ParallelArrayApp.csproj", "{1CB0016F-F982-409E-928B-9DC47160F49A}"
EndProject
Global
	GlobalSection(SolutionConfigurationPlatforms) = preSolution
		Debug|Any CPU = Debug|Any CPU
		Release|Any CPU = Release|Any CPU
	EndGlobalSection
	GlobalSection(ProjectConfigurationPlatforms) = postSolution
		{1CB0016F-F982-409E-928B-9DC47160F49A}.Debug|Any CPU.ActiveCfg = Debug|Any CPU
		{1CB0016F-F982-409E-928B-9DC47160F49A}.Debug|Any CPU.Build.0 = Debug|Any CPU
		{1CB0016F-F982-409E-928B-9DC47160F49A}.Release|Any CPU.ActiveCfg = Release|Any CPU
		{1CB0016F-F982-409E-928B-9DC47160F49A}.Release|Any CPU.Build.0 = Release|Any CPU
	EndGlobalSection
	GlobalSection(SolutionProperties) = preSolution
		HideSolutionNode = FALSE
	EndGlobalSection
EndGlobal
