
Microsoft Visual Studio Solution File, Format Version 12.00
# Visual Studio Version 17
VisualStudioVersion = 17.8.34601.278
MinimumVisualStudioVersion = 10.0.40219.1
Project("{FAE04EC0-301F-11D3-BF4B-00C04F79EFBC}") = "PurchaseProject01", "PurchaseProject01\PurchaseProject01.csproj", "{004AE600-3B2F-47AC-B482-3E9AE239B6EB}"
EndProject
Global
	GlobalSection(SolutionConfigurationPlatforms) = preSolution
		Debug|Any CPU = Debug|Any CPU
		Release|Any CPU = Release|Any CPU
	EndGlobalSection
	GlobalSection(ProjectConfigurationPlatforms) = postSolution
		{004AE600-3B2F-47AC-B482-3E9AE239B6EB}.Debug|Any CPU.ActiveCfg = Debug|Any CPU
		{004AE600-3B2F-47AC-B482-3E9AE239B6EB}.Debug|Any CPU.Build.0 = Debug|Any CPU
		{004AE600-3B2F-47AC-B482-3E9AE239B6EB}.Release|Any CPU.ActiveCfg = Release|Any CPU
		{004AE600-3B2F-47AC-B482-3E9AE239B6EB}.Release|Any CPU.Build.0 = Release|Any CPU
	EndGlobalSection
	GlobalSection(SolutionProperties) = preSolution
		HideSolutionNode = FALSE
	EndGlobalSection
	GlobalSection(ExtensibilityGlobals) = postSolution
		SolutionGuid = {6F30BBEA-0CEF-4F4E-B3CF-F35D51BB8C9E}
	EndGlobalSection
EndGlobal
