
Microsoft Visual Studio Solution File, Format Version 12.00
# Visual Studio Version 17
VisualStudioVersion = 17.7.34024.191
MinimumVisualStudioVersion = 10.0.40219.1
Project("{FAE04EC0-301F-11D3-BF4B-00C04F79EFBC}") = "Chapter04Question02", "Chapter04Question02\Chapter04Question02.csproj", "{95801024-0733-4A90-8D27-305CB4176AEB}"
EndProject
Global
	GlobalSection(SolutionConfigurationPlatforms) = preSolution
		Debug|Any CPU = Debug|Any CPU
		Release|Any CPU = Release|Any CPU
	EndGlobalSection
	GlobalSection(ProjectConfigurationPlatforms) = postSolution
		{95801024-0733-4A90-8D27-305CB4176AEB}.Debug|Any CPU.ActiveCfg = Debug|Any CPU
		{95801024-0733-4A90-8D27-305CB4176AEB}.Debug|Any CPU.Build.0 = Debug|Any CPU
		{95801024-0733-4A90-8D27-305CB4176AEB}.Release|Any CPU.ActiveCfg = Release|Any CPU
		{95801024-0733-4A90-8D27-305CB4176AEB}.Release|Any CPU.Build.0 = Release|Any CPU
	EndGlobalSection
	GlobalSection(SolutionProperties) = preSolution
		HideSolutionNode = FALSE
	EndGlobalSection
	GlobalSection(ExtensibilityGlobals) = postSolution
		SolutionGuid = {218CECFE-9853-4CA4-AFB8-754510A8D932}
	EndGlobalSection
EndGlobal
