
Microsoft Visual Studio Solution File, Format Version 12.00
# Visual Studio Version 17
VisualStudioVersion = 17.8.34601.278
MinimumVisualStudioVersion = 10.0.40219.1
Project("{FAE04EC0-301F-11D3-BF4B-00C04F79EFBC}") = "Chapter12BMI", "Chapter12BMI\Chapter12BMI.csproj", "{56A3819E-32A6-434C-8DE6-D32139CB2EBE}"
EndProject
Global
	GlobalSection(SolutionConfigurationPlatforms) = preSolution
		Debug|Any CPU = Debug|Any CPU
		Release|Any CPU = Release|Any CPU
	EndGlobalSection
	GlobalSection(ProjectConfigurationPlatforms) = postSolution
		{56A3819E-32A6-434C-8DE6-D32139CB2EBE}.Debug|Any CPU.ActiveCfg = Debug|Any CPU
		{56A3819E-32A6-434C-8DE6-D32139CB2EBE}.Debug|Any CPU.Build.0 = Debug|Any CPU
		{56A3819E-32A6-434C-8DE6-D32139CB2EBE}.Release|Any CPU.ActiveCfg = Release|Any CPU
		{56A3819E-32A6-434C-8DE6-D32139CB2EBE}.Release|Any CPU.Build.0 = Release|Any CPU
	EndGlobalSection
	GlobalSection(SolutionProperties) = preSolution
		HideSolutionNode = FALSE
	EndGlobalSection
	GlobalSection(ExtensibilityGlobals) = postSolution
		SolutionGuid = {E01F7EEC-386D-4BA1-AAAE-4F4350C3BA05}
	EndGlobalSection
EndGlobal
