
Microsoft Visual Studio Solution File, Format Version 12.00
# Visual Studio 2012
Project("{FAE04EC0-301F-11D3-BF4B-00C04F79EFBC}") = "SportsSignUpApp", "SportsSignUpApp\SportsSignUpApp.csproj", "{85D1A165-E478-47E7-898E-871B9A36FC9F}"
EndProject
Global
	GlobalSection(SolutionConfigurationPlatforms) = preSolution
		Debug|Any CPU = Debug|Any CPU
		Release|Any CPU = Release|Any CPU
	EndGlobalSection
	GlobalSection(ProjectConfigurationPlatforms) = postSolution
		{85D1A165-E478-47E7-898E-871B9A36FC9F}.Debug|Any CPU.ActiveCfg = Debug|Any CPU
		{85D1A165-E478-47E7-898E-871B9A36FC9F}.Debug|Any CPU.Build.0 = Debug|Any CPU
		{85D1A165-E478-47E7-898E-871B9A36FC9F}.Release|Any CPU.ActiveCfg = Release|Any CPU
		{85D1A165-E478-47E7-898E-871B9A36FC9F}.Release|Any CPU.Build.0 = Release|Any CPU
	EndGlobalSection
	GlobalSection(SolutionProperties) = preSolution
		HideSolutionNode = FALSE
	EndGlobalSection
EndGlobal
